
Microsoft Visual Studio Solution File, Format Version 11.00
# Visual Studio 2010
Project("{FAE04EC0-301F-11D3-BF4B-00C04F79EFBC}") = "DMC.Net", "DMC.NET\DMC.Net.csproj", "{B6E9D6EE-56BC-4074-9947-E1C406D4B8D1}"
EndProject
Project("{FAE04EC0-301F-11D3-BF4B-00C04F79EFBC}") = "DMC.UI", "DMC.UI\DMC.UI.csproj", "{457EA463-48C1-4082-91DD-7F4E9A766720}"
EndProject
Project("{FAE04EC0-301F-11D3-BF4B-00C04F79EFBC}") = "DMC.CMonster", "DMC.CMonster\DMC.CMonster.csproj", "{C3122EB7-3F90-42B9-89B1-7B9EF6103539}"
EndProject
Project("{2150E333-8FDC-42A3-9474-1A3956D46DE8}") = "Testing", "Testing", "{5E3607AE-CCBA-413C-8DEF-53A10F76258E}"
EndProject
Project("{FAE04EC0-301F-11D3-BF4B-00C04F79EFBC}") = "CMonsterTest", "Testing\CMonsterTest\CMonsterTest.csproj", "{49DB2DE9-2016-4540-92BA-5A0001027130}"
EndProject
Project("{FAE04EC0-301F-11D3-BF4B-00C04F79EFBC}") = "UITest", "UITest\UITest.csproj", "{E19E5821-2756-46E9-82C6-1FB3758A3DBF}"
EndProject
Project("{FAE04EC0-301F-11D3-BF4B-00C04F79EFBC}") = "DMC.IO", "DMC.IO\DMC.IO.csproj", "{281E3B96-A529-48C7-98C4-96C3046CDFAD}"
EndProject
Project("{FAE04EC0-301F-11D3-BF4B-00C04F79EFBC}") = "DMCBase", "DMCBase\DMCBase.csproj", "{202083FD-C96C-481C-B2BB-E0138D922933}"
EndProject
Project("{FAE04EC0-301F-11D3-BF4B-00C04F79EFBC}") = "DMC.Auth", "DMC.Auth\DMC.Auth.csproj", "{FFC8B02E-3F59-4E98-9115-4D6B2E9BD8DF}"
EndProject
Project("{FAE04EC0-301F-11D3-BF4B-00C04F79EFBC}") = "NLogViewerTest", "NLogViewerTest\NLogViewerTest.csproj", "{89DD2F03-B392-44A4-9294-1847EA5BEB01}"
EndProject
Project("{2150E333-8FDC-42A3-9474-1A3956D46DE8}") = "Solution Items", "Solution Items", "{48BCFB05-0527-4168-B2AF-FC752F30AE26}"
	ProjectSection(SolutionItems) = preProject
		DMC.vsmdi = DMC.vsmdi
		Local.testsettings = Local.testsettings
		TraceAndTestImpact.testsettings = TraceAndTestImpact.testsettings
	EndProjectSection
EndProject
Project("{FAE04EC0-301F-11D3-BF4B-00C04F79EFBC}") = "DMC.Resources", "DMC.Resources\DMC.Resources.csproj", "{0B9B88F7-9CFD-436A-B896-09A0EAAECA8C}"
EndProject
Global
	GlobalSection(TestCaseManagementSettings) = postSolution
		CategoryFile = DMC.vsmdi
	EndGlobalSection
	GlobalSection(SolutionConfigurationPlatforms) = preSolution
		Debug|Any CPU = Debug|Any CPU
		Debug|Mixed Platforms = Debug|Mixed Platforms
		Debug|x86 = Debug|x86
		Release|Any CPU = Release|Any CPU
		Release|Mixed Platforms = Release|Mixed Platforms
		Release|x86 = Release|x86
	EndGlobalSection
	GlobalSection(ProjectConfigurationPlatforms) = postSolution
		{B6E9D6EE-56BC-4074-9947-E1C406D4B8D1}.Debug|Any CPU.ActiveCfg = Debug|Any CPU
		{B6E9D6EE-56BC-4074-9947-E1C406D4B8D1}.Debug|Any CPU.Build.0 = Debug|Any CPU
		{B6E9D6EE-56BC-4074-9947-E1C406D4B8D1}.Debug|Mixed Platforms.ActiveCfg = Debug|Any CPU
		{B6E9D6EE-56BC-4074-9947-E1C406D4B8D1}.Debug|Mixed Platforms.Build.0 = Debug|Any CPU
		{B6E9D6EE-56BC-4074-9947-E1C406D4B8D1}.Debug|x86.ActiveCfg = Debug|Any CPU
		{B6E9D6EE-56BC-4074-9947-E1C406D4B8D1}.Release|Any CPU.ActiveCfg = Release|Any CPU
		{B6E9D6EE-56BC-4074-9947-E1C406D4B8D1}.Release|Any CPU.Build.0 = Release|Any CPU
		{B6E9D6EE-56BC-4074-9947-E1C406D4B8D1}.Release|Mixed Platforms.ActiveCfg = Release|Any CPU
		{B6E9D6EE-56BC-4074-9947-E1C406D4B8D1}.Release|Mixed Platforms.Build.0 = Release|Any CPU
		{B6E9D6EE-56BC-4074-9947-E1C406D4B8D1}.Release|x86.ActiveCfg = Release|Any CPU
		{457EA463-48C1-4082-91DD-7F4E9A766720}.Debug|Any CPU.ActiveCfg = Debug|Any CPU
		{457EA463-48C1-4082-91DD-7F4E9A766720}.Debug|Any CPU.Build.0 = Debug|Any CPU
		{457EA463-48C1-4082-91DD-7F4E9A766720}.Debug|Mixed Platforms.ActiveCfg = Debug|Any CPU
		{457EA463-48C1-4082-91DD-7F4E9A766720}.Debug|Mixed Platforms.Build.0 = Debug|Any CPU
		{457EA463-48C1-4082-91DD-7F4E9A766720}.Debug|x86.ActiveCfg = Debug|Any CPU
		{457EA463-48C1-4082-91DD-7F4E9A766720}.Release|Any CPU.ActiveCfg = Release|Any CPU
		{457EA463-48C1-4082-91DD-7F4E9A766720}.Release|Any CPU.Build.0 = Release|Any CPU
		{457EA463-48C1-4082-91DD-7F4E9A766720}.Release|Mixed Platforms.ActiveCfg = Release|Any CPU
		{457EA463-48C1-4082-91DD-7F4E9A766720}.Release|Mixed Platforms.Build.0 = Release|Any CPU
		{457EA463-48C1-4082-91DD-7F4E9A766720}.Release|x86.ActiveCfg = Release|Any CPU
		{C3122EB7-3F90-42B9-89B1-7B9EF6103539}.Debug|Any CPU.ActiveCfg = Debug|Any CPU
		{C3122EB7-3F90-42B9-89B1-7B9EF6103539}.Debug|Any CPU.Build.0 = Debug|Any CPU
		{C3122EB7-3F90-42B9-89B1-7B9EF6103539}.Debug|Mixed Platforms.ActiveCfg = Debug|Any CPU
		{C3122EB7-3F90-42B9-89B1-7B9EF6103539}.Debug|Mixed Platforms.Build.0 = Debug|Any CPU
		{C3122EB7-3F90-42B9-89B1-7B9EF6103539}.Debug|x86.ActiveCfg = Debug|Any CPU
		{C3122EB7-3F90-42B9-89B1-7B9EF6103539}.Release|Any CPU.ActiveCfg = Release|Any CPU
		{C3122EB7-3F90-42B9-89B1-7B9EF6103539}.Release|Any CPU.Build.0 = Release|Any CPU
		{C3122EB7-3F90-42B9-89B1-7B9EF6103539}.Release|Mixed Platforms.ActiveCfg = Release|Any CPU
		{C3122EB7-3F90-42B9-89B1-7B9EF6103539}.Release|Mixed Platforms.Build.0 = Release|Any CPU
		{C3122EB7-3F90-42B9-89B1-7B9EF6103539}.Release|x86.ActiveCfg = Release|Any CPU
		{49DB2DE9-2016-4540-92BA-5A0001027130}.Debug|Any CPU.ActiveCfg = Debug|x86
		{49DB2DE9-2016-4540-92BA-5A0001027130}.Debug|Mixed Platforms.ActiveCfg = Debug|x86
		{49DB2DE9-2016-4540-92BA-5A0001027130}.Debug|Mixed Platforms.Build.0 = Debug|x86
		{49DB2DE9-2016-4540-92BA-5A0001027130}.Debug|x86.ActiveCfg = Debug|x86
		{49DB2DE9-2016-4540-92BA-5A0001027130}.Debug|x86.Build.0 = Debug|x86
		{49DB2DE9-2016-4540-92BA-5A0001027130}.Release|Any CPU.ActiveCfg = Release|x86
		{49DB2DE9-2016-4540-92BA-5A0001027130}.Release|Mixed Platforms.ActiveCfg = Release|x86
		{49DB2DE9-2016-4540-92BA-5A0001027130}.Release|Mixed Platforms.Build.0 = Release|x86
		{49DB2DE9-2016-4540-92BA-5A0001027130}.Release|x86.ActiveCfg = Release|x86
		{49DB2DE9-2016-4540-92BA-5A0001027130}.Release|x86.Build.0 = Release|x86
		{E19E5821-2756-46E9-82C6-1FB3758A3DBF}.Debug|Any CPU.ActiveCfg = Debug|x86
		{E19E5821-2756-46E9-82C6-1FB3758A3DBF}.Debug|Mixed Platforms.ActiveCfg = Debug|x86
		{E19E5821-2756-46E9-82C6-1FB3758A3DBF}.Debug|Mixed Platforms.Build.0 = Debug|x86
		{E19E5821-2756-46E9-82C6-1FB3758A3DBF}.Debug|x86.ActiveCfg = Debug|x86
		{E19E5821-2756-46E9-82C6-1FB3758A3DBF}.Debug|x86.Build.0 = Debug|x86
		{E19E5821-2756-46E9-82C6-1FB3758A3DBF}.Release|Any CPU.ActiveCfg = Release|x86
		{E19E5821-2756-46E9-82C6-1FB3758A3DBF}.Release|Mixed Platforms.ActiveCfg = Release|x86
		{E19E5821-2756-46E9-82C6-1FB3758A3DBF}.Release|Mixed Platforms.Build.0 = Release|x86
		{E19E5821-2756-46E9-82C6-1FB3758A3DBF}.Release|x86.ActiveCfg = Release|x86
		{E19E5821-2756-46E9-82C6-1FB3758A3DBF}.Release|x86.Build.0 = Release|x86
		{281E3B96-A529-48C7-98C4-96C3046CDFAD}.Debug|Any CPU.ActiveCfg = Debug|Any CPU
		{281E3B96-A529-48C7-98C4-96C3046CDFAD}.Debug|Any CPU.Build.0 = Debug|Any CPU
		{281E3B96-A529-48C7-98C4-96C3046CDFAD}.Debug|Mixed Platforms.ActiveCfg = Debug|Any CPU
		{281E3B96-A529-48C7-98C4-96C3046CDFAD}.Debug|Mixed Platforms.Build.0 = Debug|Any CPU
		{281E3B96-A529-48C7-98C4-96C3046CDFAD}.Debug|x86.ActiveCfg = Debug|Any CPU
		{281E3B96-A529-48C7-98C4-96C3046CDFAD}.Release|Any CPU.ActiveCfg = Release|Any CPU
		{281E3B96-A529-48C7-98C4-96C3046CDFAD}.Release|Any CPU.Build.0 = Release|Any CPU
		{281E3B96-A529-48C7-98C4-96C3046CDFAD}.Release|Mixed Platforms.ActiveCfg = Release|Any CPU
		{281E3B96-A529-48C7-98C4-96C3046CDFAD}.Release|Mixed Platforms.Build.0 = Release|Any CPU
		{281E3B96-A529-48C7-98C4-96C3046CDFAD}.Release|x86.ActiveCfg = Release|Any CPU
		{202083FD-C96C-481C-B2BB-E0138D922933}.Debug|Any CPU.ActiveCfg = Debug|Any CPU
		{202083FD-C96C-481C-B2BB-E0138D922933}.Debug|Any CPU.Build.0 = Debug|Any CPU
		{202083FD-C96C-481C-B2BB-E0138D922933}.Debug|Mixed Platforms.ActiveCfg = Debug|Any CPU
		{202083FD-C96C-481C-B2BB-E0138D922933}.Debug|Mixed Platforms.Build.0 = Debug|Any CPU
		{202083FD-C96C-481C-B2BB-E0138D922933}.Debug|x86.ActiveCfg = Debug|Any CPU
		{202083FD-C96C-481C-B2BB-E0138D922933}.Release|Any CPU.ActiveCfg = Release|Any CPU
		{202083FD-C96C-481C-B2BB-E0138D922933}.Release|Any CPU.Build.0 = Release|Any CPU
		{202083FD-C96C-481C-B2BB-E0138D922933}.Release|Mixed Platforms.ActiveCfg = Release|Any CPU
		{202083FD-C96C-481C-B2BB-E0138D922933}.Release|Mixed Platforms.Build.0 = Release|Any CPU
		{202083FD-C96C-481C-B2BB-E0138D922933}.Release|x86.ActiveCfg = Release|Any CPU
		{FFC8B02E-3F59-4E98-9115-4D6B2E9BD8DF}.Debug|Any CPU.ActiveCfg = Debug|Any CPU
		{FFC8B02E-3F59-4E98-9115-4D6B2E9BD8DF}.Debug|Any CPU.Build.0 = Debug|Any CPU
		{FFC8B02E-3F59-4E98-9115-4D6B2E9BD8DF}.Debug|Mixed Platforms.ActiveCfg = Debug|Any CPU
		{FFC8B02E-3F59-4E98-9115-4D6B2E9BD8DF}.Debug|Mixed Platforms.Build.0 = Debug|Any CPU
		{FFC8B02E-3F59-4E98-9115-4D6B2E9BD8DF}.Debug|x86.ActiveCfg = Debug|Any CPU
		{FFC8B02E-3F59-4E98-9115-4D6B2E9BD8DF}.Release|Any CPU.ActiveCfg = Release|Any CPU
		{FFC8B02E-3F59-4E98-9115-4D6B2E9BD8DF}.Release|Any CPU.Build.0 = Release|Any CPU
		{FFC8B02E-3F59-4E98-9115-4D6B2E9BD8DF}.Release|Mixed Platforms.ActiveCfg = Release|Any CPU
		{FFC8B02E-3F59-4E98-9115-4D6B2E9BD8DF}.Release|Mixed Platforms.Build.0 = Release|Any CPU
		{FFC8B02E-3F59-4E98-9115-4D6B2E9BD8DF}.Release|x86.ActiveCfg = Release|Any CPU
		{89DD2F03-B392-44A4-9294-1847EA5BEB01}.Debug|Any CPU.ActiveCfg = Debug|x86
		{89DD2F03-B392-44A4-9294-1847EA5BEB01}.Debug|Mixed Platforms.ActiveCfg = Debug|x86
		{89DD2F03-B392-44A4-9294-1847EA5BEB01}.Debug|Mixed Platforms.Build.0 = Debug|x86
		{89DD2F03-B392-44A4-9294-1847EA5BEB01}.Debug|x86.ActiveCfg = Debug|x86
		{89DD2F03-B392-44A4-9294-1847EA5BEB01}.Debug|x86.Build.0 = Debug|x86
		{89DD2F03-B392-44A4-9294-1847EA5BEB01}.Release|Any CPU.ActiveCfg = Release|x86
		{89DD2F03-B392-44A4-9294-1847EA5BEB01}.Release|Mixed Platforms.ActiveCfg = Release|x86
		{89DD2F03-B392-44A4-9294-1847EA5BEB01}.Release|Mixed Platforms.Build.0 = Release|x86
		{89DD2F03-B392-44A4-9294-1847EA5BEB01}.Release|x86.ActiveCfg = Release|x86
		{89DD2F03-B392-44A4-9294-1847EA5BEB01}.Release|x86.Build.0 = Release|x86
		{0B9B88F7-9CFD-436A-B896-09A0EAAECA8C}.Debug|Any CPU.ActiveCfg = Debug|Any CPU
		{0B9B88F7-9CFD-436A-B896-09A0EAAECA8C}.Debug|Any CPU.Build.0 = Debug|Any CPU
		{0B9B88F7-9CFD-436A-B896-09A0EAAECA8C}.Debug|Mixed Platforms.ActiveCfg = Debug|Any CPU
		{0B9B88F7-9CFD-436A-B896-09A0EAAECA8C}.Debug|Mixed Platforms.Build.0 = Debug|Any CPU
		{0B9B88F7-9CFD-436A-B896-09A0EAAECA8C}.Debug|x86.ActiveCfg = Debug|Any CPU
		{0B9B88F7-9CFD-436A-B896-09A0EAAECA8C}.Release|Any CPU.ActiveCfg = Release|Any CPU
		{0B9B88F7-9CFD-436A-B896-09A0EAAECA8C}.Release|Any CPU.Build.0 = Release|Any CPU
		{0B9B88F7-9CFD-436A-B896-09A0EAAECA8C}.Release|Mixed Platforms.ActiveCfg = Release|Any CPU
		{0B9B88F7-9CFD-436A-B896-09A0EAAECA8C}.Release|Mixed Platforms.Build.0 = Release|Any CPU
		{0B9B88F7-9CFD-436A-B896-09A0EAAECA8C}.Release|x86.ActiveCfg = Release|Any CPU
	EndGlobalSection
	GlobalSection(SolutionProperties) = preSolution
		HideSolutionNode = FALSE
	EndGlobalSection
	GlobalSection(NestedProjects) = preSolution
		{49DB2DE9-2016-4540-92BA-5A0001027130} = {5E3607AE-CCBA-413C-8DEF-53A10F76258E}
		{E19E5821-2756-46E9-82C6-1FB3758A3DBF} = {5E3607AE-CCBA-413C-8DEF-53A10F76258E}
		{89DD2F03-B392-44A4-9294-1847EA5BEB01} = {5E3607AE-CCBA-413C-8DEF-53A10F76258E}
	EndGlobalSection
EndGlobal
